// !$*UTF8*$!
{
	archiveVersion = 1;
	classes = {
	};
	objectVersion = 50;
	objects = {

/* Begin PBXBuildFile section */
		05829732234A64AA001EFF29 /* Movie.swift in Sources */ = {isa = PBXBuildFile; fileRef = 05829731234A64AA001EFF29 /* Movie.swift */; };
		05829736234A6B49001EFF29 /* MovieTableViewCell.swift in Sources */ = {isa = PBXBuildFile; fileRef = 05829735234A6B49001EFF29 /* MovieTableViewCell.swift */; };
		05829738234A700A001EFF29 /* MovieTableViewController.swift in Sources */ = {isa = PBXBuildFile; fileRef = 05829737234A700A001EFF29 /* MovieTableViewController.swift */; };
		05B2277C234830BC00F872EB /* AppDelegate.swift in Sources */ = {isa = PBXBuildFile; fileRef = 05B2277B234830BC00F872EB /* AppDelegate.swift */; };
		05B2277E234830BC00F872EB /* ViewController.swift in Sources */ = {isa = PBXBuildFile; fileRef = 05B2277D234830BC00F872EB /* ViewController.swift */; };
		05B22781234830BC00F872EB /* Main.storyboard in Resources */ = {isa = PBXBuildFile; fileRef = 05B2277F234830BC00F872EB /* Main.storyboard */; };
		05B22783234830C000F872EB /* Assets.xcassets in Resources */ = {isa = PBXBuildFile; fileRef = 05B22782234830C000F872EB /* Assets.xcassets */; };
		05B22786234830C000F872EB /* LaunchScreen.storyboard in Resources */ = {isa = PBXBuildFile; fileRef = 05B22784234830C000F872EB /* LaunchScreen.storyboard */; };
		35548972234AD0F900E954A6 /* MovieStats.swift in Sources */ = {isa = PBXBuildFile; fileRef = 35548970234AD0F900E954A6 /* MovieStats.swift */; };
		35548973234AD0F900E954A6 /* MovieDataAPI.swift in Sources */ = {isa = PBXBuildFile; fileRef = 35548971234AD0F900E954A6 /* MovieDataAPI.swift */; };
		4E033A452D581FD97A0B1537 /* Pods_MediaPlayer.framework in Frameworks */ = {isa = PBXBuildFile; fileRef = 06F97C78D8C6644B1D07D6A6 /* Pods_MediaPlayer.framework */; };
/* End PBXBuildFile section */

/* Begin PBXFileReference section */
		05829731234A64AA001EFF29 /* Movie.swift */ = {isa = PBXFileReference; lastKnownFileType = sourcecode.swift; path = Movie.swift; sourceTree = "<group>"; };
		05829735234A6B49001EFF29 /* MovieTableViewCell.swift */ = {isa = PBXFileReference; lastKnownFileType = sourcecode.swift; path = MovieTableViewCell.swift; sourceTree = "<group>"; };
		05829737234A700A001EFF29 /* MovieTableViewController.swift */ = {isa = PBXFileReference; lastKnownFileType = sourcecode.swift; path = MovieTableViewController.swift; sourceTree = "<group>"; };
		05B22778234830BC00F872EB /* MediaPlayer.app */ = {isa = PBXFileReference; explicitFileType = wrapper.application; includeInIndex = 0; path = MediaPlayer.app; sourceTree = BUILT_PRODUCTS_DIR; };
		05B2277B234830BC00F872EB /* AppDelegate.swift */ = {isa = PBXFileReference; lastKnownFileType = sourcecode.swift; path = AppDelegate.swift; sourceTree = "<group>"; };
		05B2277D234830BC00F872EB /* ViewController.swift */ = {isa = PBXFileReference; lastKnownFileType = sourcecode.swift; path = ViewController.swift; sourceTree = "<group>"; };
		05B22780234830BC00F872EB /* Base */ = {isa = PBXFileReference; lastKnownFileType = file.storyboard; name = Base; path = Base.lproj/Main.storyboard; sourceTree = "<group>"; };
		05B22782234830C000F872EB /* Assets.xcassets */ = {isa = PBXFileReference; lastKnownFileType = folder.assetcatalog; path = Assets.xcassets; sourceTree = "<group>"; };
		05B22785234830C000F872EB /* Base */ = {isa = PBXFileReference; lastKnownFileType = file.storyboard; name = Base; path = Base.lproj/LaunchScreen.storyboard; sourceTree = "<group>"; };
		05B22787234830C000F872EB /* Info.plist */ = {isa = PBXFileReference; lastKnownFileType = text.plist.xml; path = Info.plist; sourceTree = "<group>"; };
		06F97C78D8C6644B1D07D6A6 /* Pods_MediaPlayer.framework */ = {isa = PBXFileReference; explicitFileType = wrapper.framework; includeInIndex = 0; path = Pods_MediaPlayer.framework; sourceTree = BUILT_PRODUCTS_DIR; };
		2A4FE31887157A270AAF3A05 /* Pods-MediaPlayer.release.xcconfig */ = {isa = PBXFileReference; includeInIndex = 1; lastKnownFileType = text.xcconfig; name = "Pods-MediaPlayer.release.xcconfig"; path = "Target Support Files/Pods-MediaPlayer/Pods-MediaPlayer.release.xcconfig"; sourceTree = "<group>"; };
		35548970234AD0F900E954A6 /* MovieStats.swift */ = {isa = PBXFileReference; lastKnownFileType = sourcecode.swift; name = MovieStats.swift; path = /Users/tfan/Desktop/mediaPlayer/MediaPlayer/MovieStats.swift; sourceTree = "<absolute>"; };
		35548971234AD0F900E954A6 /* MovieDataAPI.swift */ = {isa = PBXFileReference; lastKnownFileType = sourcecode.swift; name = MovieDataAPI.swift; path = /Users/tfan/Desktop/mediaPlayer/MediaPlayer/MovieDataAPI.swift; sourceTree = "<absolute>"; };
		F9556581281D7C054DCC6BAF /* Pods-MediaPlayer.debug.xcconfig */ = {isa = PBXFileReference; includeInIndex = 1; lastKnownFileType = text.xcconfig; name = "Pods-MediaPlayer.debug.xcconfig"; path = "Target Support Files/Pods-MediaPlayer/Pods-MediaPlayer.debug.xcconfig"; sourceTree = "<group>"; };
/* End PBXFileReference section */

/* Begin PBXFrameworksBuildPhase section */
		05B22775234830BC00F872EB /* Frameworks */ = {
			isa = PBXFrameworksBuildPhase;
			buildActionMask = 2147483647;
			files = (
				4E033A452D581FD97A0B1537 /* Pods_MediaPlayer.framework in Frameworks */,
			);
			runOnlyForDeploymentPostprocessing = 0;
		};
/* End PBXFrameworksBuildPhase section */

/* Begin PBXGroup section */
		05B2276F234830BC00F872EB = {
			isa = PBXGroup;
			children = (
				05B2277A234830BC00F872EB /* MediaPlayer */,
				05B22779234830BC00F872EB /* Products */,
				DFA80C61864446A1FEA5B525 /* Pods */,
				3141CEA9B731AB88DA9D60AA /* Frameworks */,
			);
			sourceTree = "<group>";
		};
		05B22779234830BC00F872EB /* Products */ = {
			isa = PBXGroup;
			children = (
				05B22778234830BC00F872EB /* MediaPlayer.app */,
			);
			name = Products;
			sourceTree = "<group>";
		};
		05B2277A234830BC00F872EB /* MediaPlayer */ = {
			isa = PBXGroup;
			children = (
				35548970234AD0F900E954A6 /* MovieStats.swift */,
				35548971234AD0F900E954A6 /* MovieDataAPI.swift */,
				05829731234A64AA001EFF29 /* Movie.swift */,
				05829735234A6B49001EFF29 /* MovieTableViewCell.swift */,
				05829737234A700A001EFF29 /* MovieTableViewController.swift */,
				05B2277B234830BC00F872EB /* AppDelegate.swift */,
				05B2277D234830BC00F872EB /* ViewController.swift */,
				05B2277F234830BC00F872EB /* Main.storyboard */,
				05B22782234830C000F872EB /* Assets.xcassets */,
				05B22784234830C000F872EB /* LaunchScreen.storyboard */,
				05B22787234830C000F872EB /* Info.plist */,
			);
			path = MediaPlayer;
			sourceTree = "<group>";
		};
		3141CEA9B731AB88DA9D60AA /* Frameworks */ = {
			isa = PBXGroup;
			children = (
				06F97C78D8C6644B1D07D6A6 /* Pods_MediaPlayer.framework */,
			);
			name = Frameworks;
			sourceTree = "<group>";
		};
		DFA80C61864446A1FEA5B525 /* Pods */ = {
			isa = PBXGroup;
			children = (
				F9556581281D7C054DCC6BAF /* Pods-MediaPlayer.debug.xcconfig */,
				2A4FE31887157A270AAF3A05 /* Pods-MediaPlayer.release.xcconfig */,
			);
			path = Pods;
			sourceTree = "<group>";
		};
/* End PBXGroup section */

/* Begin PBXNativeTarget section */
		05B22777234830BC00F872EB /* MediaPlayer */ = {
			isa = PBXNativeTarget;
			buildConfigurationList = 05B2278A234830C000F872EB /* Build configuration list for PBXNativeTarget "MediaPlayer" */;
			buildPhases = (
				CF81CCC8C5214DF4E13DE5EA /* [CP] Check Pods Manifest.lock */,
				05B22774234830BC00F872EB /* Sources */,
				05B22775234830BC00F872EB /* Frameworks */,
				05B22776234830BC00F872EB /* Resources */,
				5B7A5806B16882F23DD37D76 /* [CP] Embed Pods Frameworks */,
			);
			buildRules = (
			);
			dependencies = (
			);
			name = MediaPlayer;
			productName = MediaPlayer;
			productReference = 05B22778234830BC00F872EB /* MediaPlayer.app */;
			productType = "com.apple.product-type.application";
		};
/* End PBXNativeTarget section */

/* Begin PBXProject section */
		05B22770234830BC00F872EB /* Project object */ = {
			isa = PBXProject;
			attributes = {
				LastSwiftUpdateCheck = 0940;
				LastUpgradeCheck = 0940;
				ORGANIZATIONNAME = "Phat Truong";
				TargetAttributes = {
					05B22777234830BC00F872EB = {
						CreatedOnToolsVersion = 9.4.1;
					};
				};
			};
			buildConfigurationList = 05B22773234830BC00F872EB /* Build configuration list for PBXProject "MediaPlayer" */;
			compatibilityVersion = "Xcode 9.3";
			developmentRegion = en;
			hasScannedForEncodings = 0;
			knownRegions = (
				en,
				Base,
			);
			mainGroup = 05B2276F234830BC00F872EB;
			productRefGroup = 05B22779234830BC00F872EB /* Products */;
			projectDirPath = "";
			projectRoot = "";
			targets = (
				05B22777234830BC00F872EB /* MediaPlayer */,
			);
		};
/* End PBXProject section */

/* Begin PBXResourcesBuildPhase section */
		05B22776234830BC00F872EB /* Resources */ = {
			isa = PBXResourcesBuildPhase;
			buildActionMask = 2147483647;
			files = (
				05B22786234830C000F872EB /* LaunchScreen.storyboard in Resources */,
				05B22783234830C000F872EB /* Assets.xcassets in Resources */,
				05B22781234830BC00F872EB /* Main.storyboard in Resources */,
			);
			runOnlyForDeploymentPostprocessing = 0;
		};
/* End PBXResourcesBuildPhase section */

/* Begin PBXShellScriptBuildPhase section */
		5B7A5806B16882F23DD37D76 /* [CP] Embed Pods Frameworks */ = {
			isa = PBXShellScriptBuildPhase;
			buildActionMask = 2147483647;
			files = (
			);
			name = "[CP] Embed Pods Frameworks";
			runOnlyForDeploymentPostprocessing = 0;
			shellPath = /bin/sh;
			shellScript = "\"${PODS_ROOT}/Target Support Files/Pods-MediaPlayer/Pods-MediaPlayer-frameworks.sh\"\n";
			showEnvVarsInLog = 0;
		};
		CF81CCC8C5214DF4E13DE5EA /* [CP] Check Pods Manifest.lock */ = {
			isa = PBXShellScriptBuildPhase;
			buildActionMask = 2147483647;
			files = (
			);
			inputPaths = (
				"${PODS_PODFILE_DIR_PATH}/Podfile.lock",
				"${PODS_ROOT}/Manifest.lock",
			);
			name = "[CP] Check Pods Manifest.lock";
			outputPaths = (
				"$(DERIVED_FILE_DIR)/Pods-MediaPlayer-checkManifestLockResult.txt",
			);
			runOnlyForDeploymentPostprocessing = 0;
			shellPath = /bin/sh;
			shellScript = "diff \"${PODS_PODFILE_DIR_PATH}/Podfile.lock\" \"${PODS_ROOT}/Manifest.lock\" > /dev/null\nif [ $? != 0 ] ; then\n    # print error to STDERR\n    echo \"error: The sandbox is not in sync with the Podfile.lock. Run 'pod install' or update your CocoaPods installation.\" >&2\n    exit 1\nfi\n# This output is used by Xcode 'outputs' to avoid re-running this script phase.\necho \"SUCCESS\" > \"${SCRIPT_OUTPUT_FILE_0}\"\n";
			showEnvVarsInLog = 0;
		};
/* End PBXShellScriptBuildPhase section */

/* Begin PBXSourcesBuildPhase section */
		05B22774234830BC00F872EB /* Sources */ = {
			isa = PBXSourcesBuildPhase;
			buildActionMask = 2147483647;
			files = (
				35548972234AD0F900E954A6 /* MovieStats.swift in Sources */,
				05829738234A700A001EFF29 /* MovieTableViewController.swift in Sources */,
				35548973234AD0F900E954A6 /* MovieDataAPI.swift in Sources */,
				05829736234A6B49001EFF29 /* MovieTableViewCell.swift in Sources */,
				05B2277E234830BC00F872EB /* ViewController.swift in Sources */,
				05829732234A64AA001EFF29 /* Movie.swift in Sources */,
				05B2277C234830BC00F872EB /* AppDelegate.swift in Sources */,
			);
			runOnlyForDeploymentPostprocessing = 0;
		};
/* End PBXSourcesBuildPhase section */

/* Begin PBXVariantGroup section */
		05B2277F234830BC00F872EB /* Main.storyboard */ = {
			isa = PBXVariantGroup;
			children = (
				05B22780234830BC00F872EB /* Base */,
			);
			name = Main.storyboard;
			sourceTree = "<group>";
		};
		05B22784234830C000F872EB /* LaunchScreen.storyboard */ = {
			isa = PBXVariantGroup;
			children = (
				05B22785234830C000F872EB /* Base */,
			);
			name = LaunchScreen.storyboard;
			sourceTree = "<group>";
		};
/* End PBXVariantGroup section */

/* Begin XCBuildConfiguration section */
		05B22788234830C000F872EB /* Debug */ = {
			isa = XCBuildConfiguration;
			buildSettings = {
				ALWAYS_SEARCH_USER_PATHS = NO;
				CLANG_ANALYZER_NONNULL = YES;
				CLANG_ANALYZER_NUMBER_OBJECT_CONVERSION = YES_AGGRESSIVE;
				CLANG_CXX_LANGUAGE_STANDARD = "gnu++14";
				CLANG_CXX_LIBRARY = "libc++";
				CLANG_ENABLE_MODULES = YES;
				CLANG_ENABLE_OBJC_ARC = YES;
				CLANG_ENABLE_OBJC_WEAK = YES;
				CLANG_WARN_BLOCK_CAPTURE_AUTORELEASING = YES;
				CLANG_WARN_BOOL_CONVERSION = YES;
				CLANG_WARN_COMMA = YES;
				CLANG_WARN_CONSTANT_CONVERSION = YES;
				CLANG_WARN_DEPRECATED_OBJC_IMPLEMENTATIONS = YES;
				CLANG_WARN_DIRECT_OBJC_ISA_USAGE = YES_ERROR;
				CLANG_WARN_DOCUMENTATION_COMMENTS = YES;
				CLANG_WARN_EMPTY_BODY = YES;
				CLANG_WARN_ENUM_CONVERSION = YES;
				CLANG_WARN_INFINITE_RECURSION = YES;
				CLANG_WARN_INT_CONVERSION = YES;
				CLANG_WARN_NON_LITERAL_NULL_CONVERSION = YES;
				CLANG_WARN_OBJC_IMPLICIT_RETAIN_SELF = YES;
				CLANG_WARN_OBJC_LITERAL_CONVERSION = YES;
				CLANG_WARN_OBJC_ROOT_CLASS = YES_ERROR;
				CLANG_WARN_RANGE_LOOP_ANALYSIS = YES;
				CLANG_WARN_STRICT_PROTOTYPES = YES;
				CLANG_WARN_SUSPICIOUS_MOVE = YES;
				CLANG_WARN_UNGUARDED_AVAILABILITY = YES_AGGRESSIVE;
				CLANG_WARN_UNREACHABLE_CODE = YES;
				CLANG_WARN__DUPLICATE_METHOD_MATCH = YES;
				CODE_SIGN_IDENTITY = "iPhone Developer";
				COPY_PHASE_STRIP = NO;
				DEBUG_INFORMATION_FORMAT = dwarf;
				ENABLE_STRICT_OBJC_MSGSEND = YES;
				ENABLE_TESTABILITY = YES;
				GCC_C_LANGUAGE_STANDARD = gnu11;
				GCC_DYNAMIC_NO_PIC = NO;
				GCC_NO_COMMON_BLOCKS = YES;
				GCC_OPTIMIZATION_LEVEL = 0;
				GCC_PREPROCESSOR_DEFINITIONS = (
					"DEBUG=1",
					"$(inherited)",
				);
				GCC_WARN_64_TO_32_BIT_CONVERSION = YES;
				GCC_WARN_ABOUT_RETURN_TYPE = YES_ERROR;
				GCC_WARN_UNDECLARED_SELECTOR = YES;
				GCC_WARN_UNINITIALIZED_AUTOS = YES_AGGRESSIVE;
				GCC_WARN_UNUSED_FUNCTION = YES;
				GCC_WARN_UNUSED_VARIABLE = YES;
				IPHONEOS_DEPLOYMENT_TARGET = 11.4;
				MTL_ENABLE_DEBUG_INFO = YES;
				ONLY_ACTIVE_ARCH = YES;
				SDKROOT = iphoneos;
				SWIFT_ACTIVE_COMPILATION_CONDITIONS = DEBUG;
				SWIFT_OPTIMIZATION_LEVEL = "-Onone";
			};
			name = Debug;
		};
		05B22789234830C000F872EB /* Release */ = {
			isa = XCBuildConfiguration;
			buildSettings = {
				ALWAYS_SEARCH_USER_PATHS = NO;
				CLANG_ANALYZER_NONNULL = YES;
				CLANG_ANALYZER_NUMBER_OBJECT_CONVERSION = YES_AGGRESSIVE;
				CLANG_CXX_LANGUAGE_STANDARD = "gnu++14";
				CLANG_CXX_LIBRARY = "libc++";
				CLANG_ENABLE_MODULES = YES;
				CLANG_ENABLE_OBJC_ARC = YES;
				CLANG_ENABLE_OBJC_WEAK = YES;
				CLANG_WARN_BLOCK_CAPTURE_AUTORELEASING = YES;
				CLANG_WARN_BOOL_CONVERSION = YES;
				CLANG_WARN_COMMA = YES;
				CLANG_WARN_CONSTANT_CONVERSION = YES;
				CLANG_WARN_DEPRECATED_OBJC_IMPLEMENTATIONS = YES;
				CLANG_WARN_DIRECT_OBJC_ISA_USAGE = YES_ERROR;
				CLANG_WARN_DOCUMENTATION_COMMENTS = YES;
				CLANG_WARN_EMPTY_BODY = YES;
				CLANG_WARN_ENUM_CONVERSION = YES;
				CLANG_WARN_INFINITE_RECURSION = YES;
				CLANG_WARN_INT_CONVERSION = YES;
				CLANG_WARN_NON_LITERAL_NULL_CONVERSION = YES;
				CLANG_WARN_OBJC_IMPLICIT_RETAIN_SELF = YES;
				CLANG_WARN_OBJC_LITERAL_CONVERSION = YES;
				CLANG_WARN_OBJC_ROOT_CLASS = YES_ERROR;
				CLANG_WARN_RANGE_LOOP_ANALYSIS = YES;
				CLANG_WARN_STRICT_PROTOTYPES = YES;
				CLANG_WARN_SUSPICIOUS_MOVE = YES;
				CLANG_WARN_UNGUARDED_AVAILABILITY = YES_AGGRESSIVE;
				CLANG_WARN_UNREACHABLE_CODE = YES;
				CLANG_WARN__DUPLICATE_METHOD_MATCH = YES;
				CODE_SIGN_IDENTITY = "iPhone Developer";
				COPY_PHASE_STRIP = NO;
				DEBUG_INFORMATION_FORMAT = "dwarf-with-dsym";
				ENABLE_NS_ASSERTIONS = NO;
				ENABLE_STRICT_OBJC_MSGSEND = YES;
				GCC_C_LANGUAGE_STANDARD = gnu11;
				GCC_NO_COMMON_BLOCKS = YES;
				GCC_WARN_64_TO_32_BIT_CONVERSION = YES;
				GCC_WARN_ABOUT_RETURN_TYPE = YES_ERROR;
				GCC_WARN_UNDECLARED_SELECTOR = YES;
				GCC_WARN_UNINITIALIZED_AUTOS = YES_AGGRESSIVE;
				GCC_WARN_UNUSED_FUNCTION = YES;
				GCC_WARN_UNUSED_VARIABLE = YES;
				IPHONEOS_DEPLOYMENT_TARGET = 11.4;
				MTL_ENABLE_DEBUG_INFO = NO;
				SDKROOT = iphoneos;
				SWIFT_COMPILATION_MODE = wholemodule;
				SWIFT_OPTIMIZATION_LEVEL = "-O";
				VALIDATE_PRODUCT = YES;
			};
			name = Release;
		};
		05B2278B234830C000F872EB /* Debug */ = {
			isa = XCBuildConfiguration;
			baseConfigurationReference = F9556581281D7C054DCC6BAF /* Pods-MediaPlayer.debug.xcconfig */;
			buildSettings = {
				ASSETCATALOG_COMPILER_APPICON_NAME = AppIcon;
				CODE_SIGN_STYLE = Automatic;
				DEVELOPMENT_TEAM = WMC8U37FV2;
				INFOPLIST_FILE = MediaPlayer/Info.plist;
				LD_RUNPATH_SEARCH_PATHS = (
					"$(inherited)",
					"@executable_path/Frameworks",
				);
				PRODUCT_BUNDLE_IDENTIFIER = com.42siliconvalley.MediaPlayer;
				PRODUCT_NAME = "$(TARGET_NAME)";
				SWIFT_VERSION = 4.0;
				TARGETED_DEVICE_FAMILY = "1,2";
			};
			name = Debug;
		};
		05B2278C234830C000F872EB /* Release */ = {
			isa = XCBuildConfiguration;
			baseConfigurationReference = 2A4FE31887157A270AAF3A05 /* Pods-MediaPlayer.release.xcconfig */;
			buildSettings = {
				ASSETCATALOG_COMPILER_APPICON_NAME = AppIcon;
				CODE_SIGN_STYLE = Automatic;
				DEVELOPMENT_TEAM = WMC8U37FV2;
				INFOPLIST_FILE = MediaPlayer/Info.plist;
				LD_RUNPATH_SEARCH_PATHS = (
					"$(inherited)",
					"@executable_path/Frameworks",
				);
				PRODUCT_BUNDLE_IDENTIFIER = com.42siliconvalley.MediaPlayer;
				PRODUCT_NAME = "$(TARGET_NAME)";
				SWIFT_VERSION = 4.0;
				TARGETED_DEVICE_FAMILY = "1,2";
			};
			name = Release;
		};
/* End XCBuildConfiguration section */

/* Begin XCConfigurationList section */
		05B22773234830BC00F872EB /* Build configuration list for PBXProject "MediaPlayer" */ = {
			isa = XCConfigurationList;
			buildConfigurations = (
				05B22788234830C000F872EB /* Debug */,
				05B22789234830C000F872EB /* Release */,
			);
			defaultConfigurationIsVisible = 0;
			defaultConfigurationName = Release;
		};
		05B2278A234830C000F872EB /* Build configuration list for PBXNativeTarget "MediaPlayer" */ = {
			isa = XCConfigurationList;
			buildConfigurations = (
				05B2278B234830C000F872EB /* Debug */,
				05B2278C234830C000F872EB /* Release */,
			);
			defaultConfigurationIsVisible = 0;
			defaultConfigurationName = Release;
		};
/* End XCConfigurationList section */
	};
	rootObject = 05B22770234830BC00F872EB /* Project object */;
}
